{
  "name": "valkey-ci-agent-claude-runtime",
  "version": "1.0.0",
  "lockfileVersion": 3,
  "requires": true,
  "packages": {
    "": {
      "name": "valkey-ci-agent-claude-runtime",
      "version": "1.0.0",
      "dependencies": {
        "@anthropic-ai/claude-code": "2.1.175"
      }
    },
    "node_modules/@anthropic-ai/claude-code": {
      "version": "2.1.175",
      "resolved": "https://registry.npmjs.org/@anthropic-ai/claude-code/-/claude-code-2.1.175.tgz",
      "integrity": "sha512-x37KEw7T1vz/CLkpLYqa8d6eyS/R1777+HMYJRqYf4e5+OhZwF/+d1LoTs5vFXTrFCWFjZTbWGZksW/gKpvCTQ==",
      "hasInstallScript": true,
      "license": "SEE LICENSE IN README.md",
      "bin": {
        "claude": "bin/claude.exe"
      },
      "engines": {
        "node": ">=18.0.0"
      },
      "optionalDependencies": {
        "@anthropic-ai/claude-code-darwin-arm64": "2.1.175",
        "@anthropic-ai/claude-code-darwin-x64": "2.1.175",
        "@anthropic-ai/claude-code-linux-arm64": "2.1.175",
        "@anthropic-ai/claude-code-linux-arm64-musl": "2.1.175",
        "@anthropic-ai/claude-code-linux-x64": "2.1.175",
        "@anthropic-ai/claude-code-linux-x64-musl": "2.1.175",
        "@anthropic-ai/claude-code-win32-arm64": "2.1.175",
        "@anthropic-ai/claude-code-win32-x64": "2.1.175"
      }
    },
    "node_modules/@anthropic-ai/claude-code-darwin-arm64": {
      "version": "2.1.175",
      "resolved": "https://registry.npmjs.org/@anthropic-ai/claude-code-darwin-arm64/-/claude-code-darwin-arm64-2.1.175.tgz",
      "integrity": "sha512-IHaWNzREnQ8QSxlUC5aYemKzmr+OnDhY7DDO/cQVSu7bCFbXwEel306eT1Xga4Nlr9GxIicLbaWaFc3OeTiYQA==",
      "cpu": [
        "arm64"
      ],
      "license": "SEE LICENSE IN LICENSE.md",
      "optional": true,
      "os": [
        "darwin"
      ]
    },
    "node_modules/@anthropic-ai/claude-code-darwin-x64": {
      "version": "2.1.175",
      "resolved": "https://registry.npmjs.org/@anthropic-ai/claude-code-darwin-x64/-/claude-code-darwin-x64-2.1.175.tgz",
      "integrity": "sha512-Og9B+d/o/eefb7pPDZ/o5kvlsapDBuGPbr01CiPiGpAQu2wAb0xNCPJFu+s82detnpXVT6HoO29V5HWzue5vMA==",
      "cpu": [
        "x64"
      ],
      "license": "SEE LICENSE IN LICENSE.md",
      "optional": true,
      "os": [
        "darwin"
      ]
    },
    "node_modules/@anthropic-ai/claude-code-linux-arm64": {
      "version": "2.1.175",
      "resolved": "https://registry.npmjs.org/@anthropic-ai/claude-code-linux-arm64/-/claude-code-linux-arm64-2.1.175.tgz",
      "integrity": "sha512-epI+k0kRRaNJXN3WtRGHveR7uJshyOYIGH4CcU8cXn595fqkw8y9Unrcn10kewFzn7814IWcQNFM8K14NjqaiA==",
      "cpu": [
        "arm64"
      ],
      "license": "SEE LICENSE IN LICENSE.md",
      "optional": true,
      "os": [
        "linux"
      ]
    },
    "node_modules/@anthropic-ai/claude-code-linux-arm64-musl": {
      "version": "2.1.175",
      "resolved": "https://registry.npmjs.org/@anthropic-ai/claude-code-linux-arm64-musl/-/claude-code-linux-arm64-musl-2.1.175.tgz",
      "integrity": "sha512-9l75IeDCocZrvnazCOapQT8N9M26EVZi8PNpbOytyr74ur1R91VkClZYmUv2NpKb0MQLz8wEoFTE+1uqxFGQJQ==",
      "cpu": [
        "arm64"
      ],
      "license": "SEE LICENSE IN LICENSE.md",
      "optional": true,
      "os": [
        "linux"
      ]
    },
    "node_modules/@anthropic-ai/claude-code-linux-x64": {
      "version": "2.1.175",
      "resolved": "https://registry.npmjs.org/@anthropic-ai/claude-code-linux-x64/-/claude-code-linux-x64-2.1.175.tgz",
      "integrity": "sha512-RegEK8Cdj5tM2ZiePk887o+OwwfibR5jxI2yh3z0aKtelFH63kM2TZEGvroj5iCsKP33LMK3kFKwBD4gJ3d1LQ==",
      "cpu": [
        "x64"
      ],
      "license": "SEE LICENSE IN LICENSE.md",
      "optional": true,
      "os": [
        "linux"
      ]
    },
    "node_modules/@anthropic-ai/claude-code-linux-x64-musl": {
      "version": "2.1.175",
      "resolved": "https://registry.npmjs.org/@anthropic-ai/claude-code-linux-x64-musl/-/claude-code-linux-x64-musl-2.1.175.tgz",
      "integrity": "sha512-I2zGSfFUc2kfdYwxuG7FqCeY5yn1pRcjWD9JroiIMrHq9628XNKhEcGVfgqtHkMx8SB049RCKbd00OoNiimmqQ==",
      "cpu": [
        "x64"
      ],
      "license": "SEE LICENSE IN LICENSE.md",
      "optional": true,
      "os": [
        "linux"
      ]
    },
    "node_modules/@anthropic-ai/claude-code-win32-arm64": {
      "version": "2.1.175",
      "resolved": "https://registry.npmjs.org/@anthropic-ai/claude-code-win32-arm64/-/claude-code-win32-arm64-2.1.175.tgz",
      "integrity": "sha512-pqv/cN6ntggJXnKcevBpd9540Aamm69h2DN2nvzjs5gkWsAMKQA1s0EvmnynPNnOj66Q6l9XK8a8aID08C4N7g==",
      "cpu": [
        "arm64"
      ],
      "license": "SEE LICENSE IN LICENSE.md",
      "optional": true,
      "os": [
        "win32"
      ]
    },
    "node_modules/@anthropic-ai/claude-code-win32-x64": {
      "version": "2.1.175",
      "resolved": "https://registry.npmjs.org/@anthropic-ai/claude-code-win32-x64/-/claude-code-win32-x64-2.1.175.tgz",
      "integrity": "sha512-YuMBtAWUG/A7WpUKJ9YVIy7H4vuOCAQymlc2N6nzc6cQeFjnqAb7tNhz10+QY0QgXlJAHmYD2npIdaCsqR2o2A==",
      "cpu": [
        "x64"
      ],
      "license": "SEE LICENSE IN LICENSE.md",
      "optional": true,
      "os": [
        "win32"
      ]
    }
  }
}
